<?xml version="1.0" encoding="UTF-8" standalone="yes" ?>
<CodeBlocks_project_file>
	<FileVersion major="1" minor="6" />
	<Project>
		<Option title="ti5rcl" />
		<Option pch_mode="2" />
		<Option compiler="arm-elf-gcc" />
		<Build>
			<Target title="demo">
				<Option output="bin/Release/ti5rcl.elf" prefix_auto="0" extension_auto="0" />
				<Option object_output="obj/Debug/" />
				<Option type="1" />
				<Option compiler="arm-elf-gcc" />
				<Compiler>
					<Add option="-g" />
					<Add option="-O2" />
				</Compiler>
				<Linker>
					<Add option="-s" />
				</Linker>
			</Target>
			<Target title="so">
				<Option output="bin/so/ti5rcl" prefix_auto="1" extension_auto="1" />
				<Option working_dir="bin/so/" />
				<Option object_output="obj/so/" />
				<Option type="3" />
				<Option compiler="arm-elf-gcc" />
				<Compiler>
					<Add option="-O2" />
					<Add option="-Wall" />
				</Compiler>
				<Linker>
					<Add option="-s" />
				</Linker>
			</Target>
		</Build>
		<Compiler>
			<Add option="-O2" />
			<Add option="-Wall" />
			<Add option="-std=c++14" />
			<Add option="-fPIC" />
			<Add option="-Wno-unknown-pragmas" />
			<Add directory="C:/Users/lenovo/Desktop/ws/ti5rcl/" />
			<Add directory="Inc" />
			<Add directory="Middlewares/ti5mcl/Inc" />
			<Add directory="Middlewares/ti5mcl/Middlewares/libsocketcanpp/include" />
			<Add directory="Middlewares/ti5mcl/Middlewares/tlog" />
		</Compiler>
		<Linker>
			<Add option="-s" />
			<Add option="-lpthread" />
		</Linker>
		<Unit filename="Inc/ti5rcl.hpp" />
		<Unit filename="Middlewares/ti5mcl/Inc/ti5mcl.hpp" />
		<Unit filename="Middlewares/ti5mcl/Middlewares/libsocketcanpp/include/CanDriver.hpp" />
		<Unit filename="Middlewares/ti5mcl/Middlewares/libsocketcanpp/include/CanId.hpp" />
		<Unit filename="Middlewares/ti5mcl/Middlewares/libsocketcanpp/include/CanMessage.hpp" />
		<Unit filename="Middlewares/ti5mcl/Middlewares/libsocketcanpp/include/exceptions/CanCloseException.hpp" />
		<Unit filename="Middlewares/ti5mcl/Middlewares/libsocketcanpp/include/exceptions/CanException.hpp" />
		<Unit filename="Middlewares/ti5mcl/Middlewares/libsocketcanpp/include/exceptions/CanInitException.hpp" />
		<Unit filename="Middlewares/ti5mcl/Middlewares/libsocketcanpp/include/exceptions/InvalidSocketException.hpp" />
		<Unit filename="Middlewares/ti5mcl/Middlewares/libsocketcanpp/src/CanDriver.cpp" />
		<Unit filename="Middlewares/ti5mcl/Middlewares/tlog/tlog.c">
			<Option compilerVar="CC" />
		</Unit>
		<Unit filename="Middlewares/ti5mcl/Middlewares/tlog/tlog.h" />
		<Unit filename="Middlewares/ti5mcl/Src/ti5mcl.cpp" />
		<Unit filename="Src/main.cpp" />
		<Unit filename="Src/ti5rcl.cpp" />
		<Extensions>
			<lib_finder disable_auto="1" />
		</Extensions>
	</Project>
</CodeBlocks_project_file>
