<?xml version="1.0" encoding="UTF-8" standalone="yes" ?>
<CodeBlocks_project_file>
	<FileVersion major="1" minor="6" />
	<Project>
		<Option title="ti5mcl" />
		<Option pch_mode="2" />
		<Option compiler="arm-elf-gcc" />
		<Build>
			<Target title="shared">
				<Option platforms="Windows;Unix;" />
				<Option output="bin/shared/ti5mcl.so" prefix_auto="0" extension_auto="0" />
				<Option working_dir="bin/shared/" />
				<Option object_output="obj/shared/" />
				<Option type="3" />
				<Option compiler="arm-elf-gcc" />
				<Compiler>
					<Add option="-O2" />
					<Add option="-Wall" />
					<Add option="-std=c++14" />
					<Add option="-fPIC" />
					<Add directory="C:/Users/lenovo/Desktop/ws/ti5mcl/" />
					<Add directory="Inc" />
					<Add directory="Middlewares/libsocketcanpp" />
					<Add directory="Middlewares/libsocketcanpp/include" />
					<Add directory="Middlewares/tlog" />
				</Compiler>
				<Linker>
					<Add option="-s" />
					<Add option="-lpthread" />
					<Add directory="../../../../Program Files (x86)/Arm GNU Toolchain aarch64-none-linux-gnu/13.3 rel1" />
				</Linker>
			</Target>
			<Target title="demo">
				<Option platforms="Windows;Unix;" />
				<Option output="bin/Release/ti5mcl.elf" prefix_auto="0" extension_auto="0" />
				<Option object_output="obj/Release/" />
				<Option type="1" />
				<Option compiler="arm-elf-gcc" />
				<Compiler>
					<Add option="-O2" />
					<Add option="-std=c++14" />
					<Add option="-fPIC" />
					<Add directory="C:/Users/lenovo/Desktop/ws/ti5mcl/" />
					<Add directory="Inc" />
					<Add directory="Middlewares/libsocketcanpp" />
					<Add directory="Middlewares/libsocketcanpp/include" />
					<Add directory="Middlewares/tlog" />
				</Compiler>
				<Linker>
					<Add option="-s" />
					<Add option="-lpthread" />
				</Linker>
			</Target>
		</Build>
		<Compiler>
			<Add option="-Wall" />
			<Add option="-std=c++14" />
			<Add option="-fPIC" />
			<Add option="-Wno-unknown-pragmas" />
			<Add directory="Inc" />
			<Add directory="Middlewares/libsocketcanpp" />
			<Add directory="Middlewares/libsocketcanpp/include" />
			<Add directory="Middlewares/tlog" />
			<Add directory="C:/Users/lenovo/Desktop/ws/ti5mcl/" />
		</Compiler>
		<Linker>
			<Add option="-lpthread" />
		</Linker>
		<Unit filename="Inc/ti5mcl.hpp" />
		<Unit filename="Middlewares/libsocketcanpp/include/CanDriver.hpp" />
		<Unit filename="Middlewares/libsocketcanpp/include/CanId.hpp" />
		<Unit filename="Middlewares/libsocketcanpp/include/CanMessage.hpp" />
		<Unit filename="Middlewares/libsocketcanpp/include/exceptions/CanCloseException.hpp" />
		<Unit filename="Middlewares/libsocketcanpp/include/exceptions/CanException.hpp" />
		<Unit filename="Middlewares/libsocketcanpp/include/exceptions/CanInitException.hpp" />
		<Unit filename="Middlewares/libsocketcanpp/include/exceptions/InvalidSocketException.hpp" />
		<Unit filename="Middlewares/libsocketcanpp/src/CanDriver.cpp" />
		<Unit filename="Middlewares/tlog/tlog.c">
			<Option compilerVar="CC" />
		</Unit>
		<Unit filename="Middlewares/tlog/tlog.h" />
		<Unit filename="Src/demo.cpp">
			<Option target="demo" />
		</Unit>
		<Unit filename="Src/ti5mcl.cpp" />
		<Extensions>
			<lib_finder disable_auto="1" />
		</Extensions>
	</Project>
</CodeBlocks_project_file>
